
Microsoft Visual Studio Solution File, Format Version 12.00
# Visual Studio Version 17
VisualStudioVersion = 17.0.31903.59
MinimumVisualStudioVersion = 10.0.40219.1
Project("{FAE04EC0-301F-11D3-BF4B-00C04F79EFBC}") = "Project_B_Server", "Project_B_Server\Project_B_Server.csproj", "{02090262-EBD4-42A1-A95D-84BB4DB68A79}"
EndProject
Project("{2150E333-8FDC-42A3-9474-1A3956D46DE8}") = "Solution Items", "Solution Items", "{49223A13-D236-4579-AF94-930B8CBC73CE}"
	ProjectSection(SolutionItems) = preProject
		Project_B_Server\docker-compose.yml = Project_B_Server\docker-compose.yml
		README.md = README.md
	EndProjectSection
EndProject
Project("{FAE04EC0-301F-11D3-BF4B-00C04F79EFBC}") = "Project_B_Server_Domain", "Project_B_Server_Domain\Project_B_Server_Domain.csproj", "{B33B394E-49F9-4CFA-9299-670C61FFF064}"
EndProject
Global
	GlobalSection(SolutionConfigurationPlatforms) = preSolution
		Debug|Any CPU = Debug|Any CPU
		Release|Any CPU = Release|Any CPU
	EndGlobalSection
	GlobalSection(SolutionProperties) = preSolution
		HideSolutionNode = FALSE
	EndGlobalSection
	GlobalSection(ProjectConfigurationPlatforms) = postSolution
		{02090262-EBD4-42A1-A95D-84BB4DB68A79}.Debug|Any CPU.ActiveCfg = Debug|Any CPU
		{02090262-EBD4-42A1-A95D-84BB4DB68A79}.Debug|Any CPU.Build.0 = Debug|Any CPU
		{02090262-EBD4-42A1-A95D-84BB4DB68A79}.Release|Any CPU.ActiveCfg = Release|Any CPU
		{02090262-EBD4-42A1-A95D-84BB4DB68A79}.Release|Any CPU.Build.0 = Release|Any CPU
		{B33B394E-49F9-4CFA-9299-670C61FFF064}.Debug|Any CPU.ActiveCfg = Debug|Any CPU
		{B33B394E-49F9-4CFA-9299-670C61FFF064}.Debug|Any CPU.Build.0 = Debug|Any CPU
		{B33B394E-49F9-4CFA-9299-670C61FFF064}.Release|Any CPU.ActiveCfg = Release|Any CPU
		{B33B394E-49F9-4CFA-9299-670C61FFF064}.Release|Any CPU.Build.0 = Release|Any CPU
	EndGlobalSection
EndGlobal
